
Microsoft Visual Studio Solution File, Format Version 12.00
# Visual Studio Version 17
VisualStudioVersion = 17.2.32516.85
MinimumVisualStudioVersion = 10.0.40219.1
Project("{9A19103F-16F7-4668-BE54-9A1E7A4F7556}") = "EventForging", "src\EventForging\EventForging.csproj", "{BBEF7B9E-2EE3-4C71-B446-E4ADD1992F47}"
EndProject
Project("{9A19103F-16F7-4668-BE54-9A1E7A4F7556}") = "EventForging.Tests", "tests\EventForging.Tests\EventForging.Tests.csproj", "{6EF712E0-A34B-4B09-A8EB-19C16D60FC98}"
EndProject
Project("{9A19103F-16F7-4668-BE54-9A1E7A4F7556}") = "EventForging.InMemory", "src\EventForging.InMemory\EventForging.InMemory.csproj", "{A433246B-3DE7-47B4-BBB3-FB8F54231543}"
EndProject
Project("{9A19103F-16F7-4668-BE54-9A1E7A4F7556}") = "EventForging.CosmosDb", "src\EventForging.CosmosDb\EventForging.CosmosDb.csproj", "{3D30BD93-BD60-402B-9884-61663CBA5B48}"
EndProject
Project("{2150E333-8FDC-42A3-9474-1A3956D46DE8}") = "Solution Items", "Solution Items", "{6B9FE1FB-2A77-49BF-A313-E83E1AA7B9BE}"
	ProjectSection(SolutionItems) = preProject
		LICENSE = LICENSE
		README.md = README.md
	EndProjectSection
EndProject
Project("{9A19103F-16F7-4668-BE54-9A1E7A4F7556}") = "EventForging.EventStore", "src\EventForging.EventStore\EventForging.EventStore.csproj", "{1B7500A9-F721-45A1-A254-6FC93AA7290A}"
EndProject
Project("{9A19103F-16F7-4668-BE54-9A1E7A4F7556}") = "EventForging.CosmosDb.Tests", "tests\EventForging.CosmosDb.Tests\EventForging.CosmosDb.Tests.csproj", "{D715EC04-E867-4A22-95E4-C81BBE5A7799}"
EndProject
Project("{9A19103F-16F7-4668-BE54-9A1E7A4F7556}") = "EventForging.EventStore.Tests", "tests\EventForging.EventStore.Tests\EventForging.EventStore.Tests.csproj", "{4E6974D6-7883-4EF6-AA36-C4703C200785}"
EndProject
Project("{9A19103F-16F7-4668-BE54-9A1E7A4F7556}") = "EventForging.Sql", "src\EventForging.Sql\EventForging.Sql.csproj", "{E555CCAB-7860-49AA-8E4D-4C8FB3D026A6}"
EndProject
Project("{9A19103F-16F7-4668-BE54-9A1E7A4F7556}") = "EventForging.DatabaseIntegrationTests.Common", "tests\EventForging.DatabaseIntegrationTests.Common\EventForging.DatabaseIntegrationTests.Common.csproj", "{517059A0-D3DB-49F8-AB4B-0122003F7184}"
EndProject
Project("{2150E333-8FDC-42A3-9474-1A3956D46DE8}") = "src", "src", "{4A506ED4-A068-40E1-8D72-292D249DB9DF}"
	ProjectSection(SolutionItems) = preProject
		src\Directory.Build.props = src\Directory.Build.props
	EndProjectSection
EndProject
Project("{2150E333-8FDC-42A3-9474-1A3956D46DE8}") = "tests", "tests", "{9B2B13F8-C234-4FE2-8DD7-93C71482B485}"
	ProjectSection(SolutionItems) = preProject
		tests\Directory.Build.props = tests\Directory.Build.props
	EndProjectSection
EndProject
Project("{2150E333-8FDC-42A3-9474-1A3956D46DE8}") = "githubworkflows", "githubworkflows", "{5412F5E5-A46D-4CDE-B42E-CC9C935DC2F8}"
	ProjectSection(SolutionItems) = preProject
		.github\workflows\build-n-publish.yml = .github\workflows\build-n-publish.yml
	EndProjectSection
EndProject
Project("{9A19103F-16F7-4668-BE54-9A1E7A4F7556}") = "EventForging.InMemory.Tests", "tests\EventForging.InMemory.Tests\EventForging.InMemory.Tests.csproj", "{CC1BA3EC-4601-49DF-8A60-DF394C67CCC1}"
EndProject
Global
	GlobalSection(SolutionConfigurationPlatforms) = preSolution
		Debug|Any CPU = Debug|Any CPU
		Release|Any CPU = Release|Any CPU
	EndGlobalSection
	GlobalSection(ProjectConfigurationPlatforms) = postSolution
		{BBEF7B9E-2EE3-4C71-B446-E4ADD1992F47}.Debug|Any CPU.ActiveCfg = Debug|Any CPU
		{BBEF7B9E-2EE3-4C71-B446-E4ADD1992F47}.Debug|Any CPU.Build.0 = Debug|Any CPU
		{BBEF7B9E-2EE3-4C71-B446-E4ADD1992F47}.Release|Any CPU.ActiveCfg = Release|Any CPU
		{BBEF7B9E-2EE3-4C71-B446-E4ADD1992F47}.Release|Any CPU.Build.0 = Release|Any CPU
		{6EF712E0-A34B-4B09-A8EB-19C16D60FC98}.Debug|Any CPU.ActiveCfg = Debug|Any CPU
		{6EF712E0-A34B-4B09-A8EB-19C16D60FC98}.Debug|Any CPU.Build.0 = Debug|Any CPU
		{6EF712E0-A34B-4B09-A8EB-19C16D60FC98}.Release|Any CPU.ActiveCfg = Release|Any CPU
		{6EF712E0-A34B-4B09-A8EB-19C16D60FC98}.Release|Any CPU.Build.0 = Release|Any CPU
		{A433246B-3DE7-47B4-BBB3-FB8F54231543}.Debug|Any CPU.ActiveCfg = Debug|Any CPU
		{A433246B-3DE7-47B4-BBB3-FB8F54231543}.Debug|Any CPU.Build.0 = Debug|Any CPU
		{A433246B-3DE7-47B4-BBB3-FB8F54231543}.Release|Any CPU.ActiveCfg = Release|Any CPU
		{A433246B-3DE7-47B4-BBB3-FB8F54231543}.Release|Any CPU.Build.0 = Release|Any CPU
		{3D30BD93-BD60-402B-9884-61663CBA5B48}.Debug|Any CPU.ActiveCfg = Debug|Any CPU
		{3D30BD93-BD60-402B-9884-61663CBA5B48}.Debug|Any CPU.Build.0 = Debug|Any CPU
		{3D30BD93-BD60-402B-9884-61663CBA5B48}.Release|Any CPU.ActiveCfg = Release|Any CPU
		{3D30BD93-BD60-402B-9884-61663CBA5B48}.Release|Any CPU.Build.0 = Release|Any CPU
		{1B7500A9-F721-45A1-A254-6FC93AA7290A}.Debug|Any CPU.ActiveCfg = Debug|Any CPU
		{1B7500A9-F721-45A1-A254-6FC93AA7290A}.Debug|Any CPU.Build.0 = Debug|Any CPU
		{1B7500A9-F721-45A1-A254-6FC93AA7290A}.Release|Any CPU.ActiveCfg = Release|Any CPU
		{1B7500A9-F721-45A1-A254-6FC93AA7290A}.Release|Any CPU.Build.0 = Release|Any CPU
		{D715EC04-E867-4A22-95E4-C81BBE5A7799}.Debug|Any CPU.ActiveCfg = Debug|Any CPU
		{D715EC04-E867-4A22-95E4-C81BBE5A7799}.Debug|Any CPU.Build.0 = Debug|Any CPU
		{D715EC04-E867-4A22-95E4-C81BBE5A7799}.Release|Any CPU.ActiveCfg = Release|Any CPU
		{D715EC04-E867-4A22-95E4-C81BBE5A7799}.Release|Any CPU.Build.0 = Release|Any CPU
		{4E6974D6-7883-4EF6-AA36-C4703C200785}.Debug|Any CPU.ActiveCfg = Debug|Any CPU
		{4E6974D6-7883-4EF6-AA36-C4703C200785}.Debug|Any CPU.Build.0 = Debug|Any CPU
		{4E6974D6-7883-4EF6-AA36-C4703C200785}.Release|Any CPU.ActiveCfg = Release|Any CPU
		{4E6974D6-7883-4EF6-AA36-C4703C200785}.Release|Any CPU.Build.0 = Release|Any CPU
		{E555CCAB-7860-49AA-8E4D-4C8FB3D026A6}.Debug|Any CPU.ActiveCfg = Debug|Any CPU
		{E555CCAB-7860-49AA-8E4D-4C8FB3D026A6}.Debug|Any CPU.Build.0 = Debug|Any CPU
		{E555CCAB-7860-49AA-8E4D-4C8FB3D026A6}.Release|Any CPU.ActiveCfg = Release|Any CPU
		{E555CCAB-7860-49AA-8E4D-4C8FB3D026A6}.Release|Any CPU.Build.0 = Release|Any CPU
		{517059A0-D3DB-49F8-AB4B-0122003F7184}.Debug|Any CPU.ActiveCfg = Debug|Any CPU
		{517059A0-D3DB-49F8-AB4B-0122003F7184}.Debug|Any CPU.Build.0 = Debug|Any CPU
		{517059A0-D3DB-49F8-AB4B-0122003F7184}.Release|Any CPU.ActiveCfg = Release|Any CPU
		{517059A0-D3DB-49F8-AB4B-0122003F7184}.Release|Any CPU.Build.0 = Release|Any CPU
		{CC1BA3EC-4601-49DF-8A60-DF394C67CCC1}.Debug|Any CPU.ActiveCfg = Debug|Any CPU
		{CC1BA3EC-4601-49DF-8A60-DF394C67CCC1}.Debug|Any CPU.Build.0 = Debug|Any CPU
		{CC1BA3EC-4601-49DF-8A60-DF394C67CCC1}.Release|Any CPU.ActiveCfg = Release|Any CPU
		{CC1BA3EC-4601-49DF-8A60-DF394C67CCC1}.Release|Any CPU.Build.0 = Release|Any CPU
	EndGlobalSection
	GlobalSection(SolutionProperties) = preSolution
		HideSolutionNode = FALSE
	EndGlobalSection
	GlobalSection(NestedProjects) = preSolution
		{4A506ED4-A068-40E1-8D72-292D249DB9DF} = {6B9FE1FB-2A77-49BF-A313-E83E1AA7B9BE}
		{9B2B13F8-C234-4FE2-8DD7-93C71482B485} = {6B9FE1FB-2A77-49BF-A313-E83E1AA7B9BE}
		{5412F5E5-A46D-4CDE-B42E-CC9C935DC2F8} = {6B9FE1FB-2A77-49BF-A313-E83E1AA7B9BE}
	EndGlobalSection
	GlobalSection(ExtensibilityGlobals) = postSolution
		SolutionGuid = {6E4FBD2B-24C5-49B2-8341-F1C6ACD68B80}
	EndGlobalSection
EndGlobal
