
Microsoft Visual Studio Solution File, Format Version 12.00
# Visual Studio Version 17
VisualStudioVersion = 17.2.32516.85
MinimumVisualStudioVersion = 10.0.40219.1
Project("{9A19103F-16F7-4668-BE54-9A1E7A4F7556}") = "EventForging", "src\EventForging\EventForging.csproj", "{BBEF7B9E-2EE3-4C71-B446-E4ADD1992F47}"
EndProject
Project("{9A19103F-16F7-4668-BE54-9A1E7A4F7556}") = "EventForging.Tests", "tests\EventForging.Tests\EventForging.Tests.csproj", "{6EF712E0-A34B-4B09-A8EB-19C16D60FC98}"
EndProject
Project("{9A19103F-16F7-4668-BE54-9A1E7A4F7556}") = "EventForging.InMemory", "src\EventForging.InMemory\EventForging.InMemory.csproj", "{A433246B-3DE7-47B4-BBB3-FB8F54231543}"
EndProject
Project("{9A19103F-16F7-4668-BE54-9A1E7A4F7556}") = "EventForging.CosmosDb", "src\EventForging.CosmosDb\EventForging.CosmosDb.csproj", "{3D30BD93-BD60-402B-9884-61663CBA5B48}"
EndProject
Project("{2150E333-8FDC-42A3-9474-1A3956D46DE8}") = "Solution Items", "Solution Items", "{6B9FE1FB-2A77-49BF-A313-E83E1AA7B9BE}"
	ProjectSection(SolutionItems) = preProject
		README.md = README.md
	EndProjectSection
EndProject
Project("{9A19103F-16F7-4668-BE54-9A1E7A4F7556}") = "EventForging.EventStore", "src\EventForging.EventStore\EventForging.EventStore.csproj", "{1B7500A9-F721-45A1-A254-6FC93AA7290A}"
EndProject
Project("{9A19103F-16F7-4668-BE54-9A1E7A4F7556}") = "EventForging.CosmosDb.Tests", "tests\EventForging.CosmosDb.Tests\EventForging.CosmosDb.Tests.csproj", "{D715EC04-E867-4A22-95E4-C81BBE5A7799}"
EndProject
Project("{9A19103F-16F7-4668-BE54-9A1E7A4F7556}") = "EventForging.EventStore.Tests", "tests\EventForging.EventStore.Tests\EventForging.EventStore.Tests.csproj", "{4E6974D6-7883-4EF6-AA36-C4703C200785}"
EndProject
Global
	GlobalSection(SolutionConfigurationPlatforms) = preSolution
		Debug|Any CPU = Debug|Any CPU
		Release|Any CPU = Release|Any CPU
	EndGlobalSection
	GlobalSection(ProjectConfigurationPlatforms) = postSolution
		{BBEF7B9E-2EE3-4C71-B446-E4ADD1992F47}.Debug|Any CPU.ActiveCfg = Debug|Any CPU
		{BBEF7B9E-2EE3-4C71-B446-E4ADD1992F47}.Debug|Any CPU.Build.0 = Debug|Any CPU
		{BBEF7B9E-2EE3-4C71-B446-E4ADD1992F47}.Release|Any CPU.ActiveCfg = Release|Any CPU
		{BBEF7B9E-2EE3-4C71-B446-E4ADD1992F47}.Release|Any CPU.Build.0 = Release|Any CPU
		{6EF712E0-A34B-4B09-A8EB-19C16D60FC98}.Debug|Any CPU.ActiveCfg = Debug|Any CPU
		{6EF712E0-A34B-4B09-A8EB-19C16D60FC98}.Debug|Any CPU.Build.0 = Debug|Any CPU
		{6EF712E0-A34B-4B09-A8EB-19C16D60FC98}.Release|Any CPU.ActiveCfg = Release|Any CPU
		{6EF712E0-A34B-4B09-A8EB-19C16D60FC98}.Release|Any CPU.Build.0 = Release|Any CPU
		{A433246B-3DE7-47B4-BBB3-FB8F54231543}.Debug|Any CPU.ActiveCfg = Debug|Any CPU
		{A433246B-3DE7-47B4-BBB3-FB8F54231543}.Debug|Any CPU.Build.0 = Debug|Any CPU
		{A433246B-3DE7-47B4-BBB3-FB8F54231543}.Release|Any CPU.ActiveCfg = Release|Any CPU
		{A433246B-3DE7-47B4-BBB3-FB8F54231543}.Release|Any CPU.Build.0 = Release|Any CPU
		{3D30BD93-BD60-402B-9884-61663CBA5B48}.Debug|Any CPU.ActiveCfg = Debug|Any CPU
		{3D30BD93-BD60-402B-9884-61663CBA5B48}.Debug|Any CPU.Build.0 = Debug|Any CPU
		{3D30BD93-BD60-402B-9884-61663CBA5B48}.Release|Any CPU.ActiveCfg = Release|Any CPU
		{3D30BD93-BD60-402B-9884-61663CBA5B48}.Release|Any CPU.Build.0 = Release|Any CPU
		{1B7500A9-F721-45A1-A254-6FC93AA7290A}.Debug|Any CPU.ActiveCfg = Debug|Any CPU
		{1B7500A9-F721-45A1-A254-6FC93AA7290A}.Debug|Any CPU.Build.0 = Debug|Any CPU
		{1B7500A9-F721-45A1-A254-6FC93AA7290A}.Release|Any CPU.ActiveCfg = Release|Any CPU
		{1B7500A9-F721-45A1-A254-6FC93AA7290A}.Release|Any CPU.Build.0 = Release|Any CPU
		{D715EC04-E867-4A22-95E4-C81BBE5A7799}.Debug|Any CPU.ActiveCfg = Debug|Any CPU
		{D715EC04-E867-4A22-95E4-C81BBE5A7799}.Debug|Any CPU.Build.0 = Debug|Any CPU
		{D715EC04-E867-4A22-95E4-C81BBE5A7799}.Release|Any CPU.ActiveCfg = Release|Any CPU
		{D715EC04-E867-4A22-95E4-C81BBE5A7799}.Release|Any CPU.Build.0 = Release|Any CPU
		{4E6974D6-7883-4EF6-AA36-C4703C200785}.Debug|Any CPU.ActiveCfg = Debug|Any CPU
		{4E6974D6-7883-4EF6-AA36-C4703C200785}.Debug|Any CPU.Build.0 = Debug|Any CPU
		{4E6974D6-7883-4EF6-AA36-C4703C200785}.Release|Any CPU.ActiveCfg = Release|Any CPU
		{4E6974D6-7883-4EF6-AA36-C4703C200785}.Release|Any CPU.Build.0 = Release|Any CPU
	EndGlobalSection
	GlobalSection(SolutionProperties) = preSolution
		HideSolutionNode = FALSE
	EndGlobalSection
	GlobalSection(ExtensibilityGlobals) = postSolution
		SolutionGuid = {6E4FBD2B-24C5-49B2-8341-F1C6ACD68B80}
	EndGlobalSection
EndGlobal
