
Microsoft Visual Studio Solution File, Format Version 12.00
# Visual Studio Version 17
VisualStudioVersion = 17.2.32516.85
MinimumVisualStudioVersion = 10.0.40219.1
Project("{9A19103F-16F7-4668-BE54-9A1E7A4F7556}") = "EventForging", "EventForging\EventForging.csproj", "{BBEF7B9E-2EE3-4C71-B446-E4ADD1992F47}"
EndProject
Project("{FAE04EC0-301F-11D3-BF4B-00C04F79EFBC}") = "EventForging.Tests", "EventForging.Tests\EventForging.Tests.csproj", "{6EF712E0-A34B-4B09-A8EB-19C16D60FC98}"
EndProject
Project("{FAE04EC0-301F-11D3-BF4B-00C04F79EFBC}") = "EventForging.InMemory", "EventForging.InMemory\EventForging.InMemory.csproj", "{A433246B-3DE7-47B4-BBB3-FB8F54231543}"
EndProject
Global
	GlobalSection(SolutionConfigurationPlatforms) = preSolution
		Debug|Any CPU = Debug|Any CPU
		Release|Any CPU = Release|Any CPU
	EndGlobalSection
	GlobalSection(ProjectConfigurationPlatforms) = postSolution
		{BBEF7B9E-2EE3-4C71-B446-E4ADD1992F47}.Debug|Any CPU.ActiveCfg = Debug|Any CPU
		{BBEF7B9E-2EE3-4C71-B446-E4ADD1992F47}.Debug|Any CPU.Build.0 = Debug|Any CPU
		{BBEF7B9E-2EE3-4C71-B446-E4ADD1992F47}.Release|Any CPU.ActiveCfg = Release|Any CPU
		{BBEF7B9E-2EE3-4C71-B446-E4ADD1992F47}.Release|Any CPU.Build.0 = Release|Any CPU
		{6EF712E0-A34B-4B09-A8EB-19C16D60FC98}.Debug|Any CPU.ActiveCfg = Debug|Any CPU
		{6EF712E0-A34B-4B09-A8EB-19C16D60FC98}.Debug|Any CPU.Build.0 = Debug|Any CPU
		{6EF712E0-A34B-4B09-A8EB-19C16D60FC98}.Release|Any CPU.ActiveCfg = Release|Any CPU
		{6EF712E0-A34B-4B09-A8EB-19C16D60FC98}.Release|Any CPU.Build.0 = Release|Any CPU
		{A433246B-3DE7-47B4-BBB3-FB8F54231543}.Debug|Any CPU.ActiveCfg = Debug|Any CPU
		{A433246B-3DE7-47B4-BBB3-FB8F54231543}.Debug|Any CPU.Build.0 = Debug|Any CPU
		{A433246B-3DE7-47B4-BBB3-FB8F54231543}.Release|Any CPU.ActiveCfg = Release|Any CPU
		{A433246B-3DE7-47B4-BBB3-FB8F54231543}.Release|Any CPU.Build.0 = Release|Any CPU
	EndGlobalSection
	GlobalSection(SolutionProperties) = preSolution
		HideSolutionNode = FALSE
	EndGlobalSection
	GlobalSection(ExtensibilityGlobals) = postSolution
		SolutionGuid = {6E4FBD2B-24C5-49B2-8341-F1C6ACD68B80}
	EndGlobalSection
EndGlobal
